
Microsoft Visual Studio Solution File, Format Version 12.00
# Visual Studio Version 16
VisualStudioVersion = 16.0.30413.136
MinimumVisualStudioVersion = 10.0.40219.1
Project("{FAE04EC0-301F-11D3-BF4B-00C04F79EFBC}") = "ApartmentSearch", "ApartmentSearch\ApartmentSearch.csproj", "{993D9B74-1DB4-4695-8AE3-5570422FEAD8}"
EndProject
Global
	GlobalSection(SolutionConfigurationPlatforms) = preSolution
		Debug|Any CPU = Debug|Any CPU
		Release|Any CPU = Release|Any CPU
	EndGlobalSection
	GlobalSection(ProjectConfigurationPlatforms) = postSolution
		{993D9B74-1DB4-4695-8AE3-5570422FEAD8}.Debug|Any CPU.ActiveCfg = Debug|Any CPU
		{993D9B74-1DB4-4695-8AE3-5570422FEAD8}.Debug|Any CPU.Build.0 = Debug|Any CPU
		{993D9B74-1DB4-4695-8AE3-5570422FEAD8}.Release|Any CPU.ActiveCfg = Release|Any CPU
		{993D9B74-1DB4-4695-8AE3-5570422FEAD8}.Release|Any CPU.Build.0 = Release|Any CPU
	EndGlobalSection
	GlobalSection(SolutionProperties) = preSolution
		HideSolutionNode = FALSE
	EndGlobalSection
	GlobalSection(ExtensibilityGlobals) = postSolution
		SolutionGuid = {D21BA558-44BC-4E8E-9F3F-CDD8584CF567}
	EndGlobalSection
EndGlobal
